// !$*UTF8*$!
{
	archiveVersion = 1;
	classes = {
	};
	objectVersion = 56;
	objects = {

/* Begin PBXBuildFile section */
		7287205A485F44798C6E0001 /* AppDelegate.swift in Sources */ = {isa = PBXBuildFile; fileRef = 7287205A485F44798C6E0011 /* AppDelegate.swift */; };
		7287205A485F44798C6E0002 /* SettingsWindowController.swift in Sources */ = {isa = PBXBuildFile; fileRef = 7287205A485F44798C6E0012 /* SettingsWindowController.swift */; };
		7287205A485F44798C6E0006 /* main.swift in Sources */ = {isa = PBXBuildFile; fileRef = 7287205A485F44798C6E0016 /* main.swift */; };
		7287205A485F44798C6E0003 /* Assets.xcassets in Resources */ = {isa = PBXBuildFile; fileRef = 7287205A485F44798C6E0013 /* Assets.xcassets */; };
		7287205A485F44798C6E0004 /* Info.plist in Resources */ = {isa = PBXBuildFile; fileRef = 7287205A485F44798C6E0014 /* Info.plist */; };
		7287205A485F44798C6E0005 /* menubar-icon.svg in Resources */ = {isa = PBXBuildFile; fileRef = 7287205A485F44798C6E0015 /* menubar-icon.svg */; };
		7287205A485F44798C6E0007 /* Localizable.strings in Resources */ = {isa = PBXBuildFile; fileRef = 7287205A485F44798C6E0017 /* Localizable.strings */; };
		7287205A485F44798C6E0008 /* OnboardingWindowController.swift in Sources */ = {isa = PBXBuildFile; fileRef = 7287205A485F44798C6E001A /* OnboardingWindowController.swift */; };
/* End PBXBuildFile section */

/* Begin PBXFileReference section */
		7287205A485F44798C6E0010 /* ghbdtn.app */ = {isa = PBXFileReference; explicitFileType = wrapper.application; includeInIndex = 0; path = ghbdtn.app; sourceTree = BUILT_PRODUCTS_DIR; };
		7287205A485F44798C6E0011 /* AppDelegate.swift */ = {isa = PBXFileReference; lastKnownFileType = sourcecode.swift; path = AppDelegate.swift; sourceTree = "<group>"; };
		7287205A485F44798C6E0012 /* SettingsWindowController.swift */ = {isa = PBXFileReference; lastKnownFileType = sourcecode.swift; path = SettingsWindowController.swift; sourceTree = "<group>"; };
		7287205A485F44798C6E0013 /* Assets.xcassets */ = {isa = PBXFileReference; lastKnownFileType = folder.assetcatalog; path = Assets.xcassets; sourceTree = "<group>"; };
		7287205A485F44798C6E0014 /* Info.plist */ = {isa = PBXFileReference; lastKnownFileType = text.plist.xml; path = Info.plist; sourceTree = "<group>"; };
		7287205A485F44798C6E0015 /* menubar-icon.svg */ = {isa = PBXFileReference; lastKnownFileType = image.svg; path = menubar-icon.svg; sourceTree = "<group>"; };
		7287205A485F44798C6E0016 /* main.swift */ = {isa = PBXFileReference; lastKnownFileType = sourcecode.swift; path = main.swift; sourceTree = "<group>"; };
		7287205A485F44798C6E001A /* OnboardingWindowController.swift */ = {isa = PBXFileReference; lastKnownFileType = sourcecode.swift; path = OnboardingWindowController.swift; sourceTree = "<group>"; };
		7287205A485F44798C6E0018 /* en */ = {isa = PBXFileReference; lastKnownFileType = text.plist.strings; name = en; path = en.lproj/Localizable.strings; sourceTree = "<group>"; };
		7287205A485F44798C6E0019 /* ru */ = {isa = PBXFileReference; lastKnownFileType = text.plist.strings; name = ru; path = ru.lproj/Localizable.strings; sourceTree = "<group>"; };
/* End PBXFileReference section */

/* Begin PBXVariantGroup section */
		7287205A485F44798C6E0017 /* Localizable.strings */ = {
			isa = PBXVariantGroup;
			children = (
				7287205A485F44798C6E0018 /* en */,
				7287205A485F44798C6E0019 /* ru */,
			);
			name = Localizable.strings;
			sourceTree = "<group>";
		};
/* End PBXVariantGroup section */

/* Begin PBXFrameworksBuildPhase section */
		7287205A485F44798C6E0020 /* Frameworks */ = {
			isa = PBXFrameworksBuildPhase;
			buildActionMask = 2147483647;
			files = (
			);
			runOnlyForDeploymentPostprocessing = 0;
		};
/* End PBXFrameworksBuildPhase section */

/* Begin PBXGroup section */
		7287205A485F44798C6E0030 /* ghbdtn */ = {
			isa = PBXGroup;
			children = (
				7287205A485F44798C6E0016 /* main.swift */,
				7287205A485F44798C6E0011 /* AppDelegate.swift */,
				7287205A485F44798C6E0012 /* SettingsWindowController.swift */,
				7287205A485F44798C6E001A /* OnboardingWindowController.swift */,
				7287205A485F44798C6E0017 /* Localizable.strings */,
				7287205A485F44798C6E0012 /* SettingsWindowController.swift */,
				7287205A485F44798C6E0013 /* Assets.xcassets */,
				7287205A485F44798C6E0014 /* Info.plist */,
				7287205A485F44798C6E0015 /* menubar-icon.svg */,
			);
			path = ghbdtn;
			sourceTree = "<group>";
		};
		7287205A485F44798C6E0031 /* Products */ = {
			isa = PBXGroup;
			children = (
				7287205A485F44798C6E0010 /* ghbdtn.app */,
			);
			name = Products;
			sourceTree = "<group>";
		};
		7287205A485F44798C6E0032 /* root */ = {
			isa = PBXGroup;
			children = (
				7287205A485F44798C6E0030 /* ghbdtn */,
				7287205A485F44798C6E0031 /* Products */,
			);
			sourceTree = "<group>";
		};
/* End PBXGroup section */

/* Begin PBXNativeTarget section */
		7287205A485F44798C6E0040 /* ghbdtn */ = {
			isa = PBXNativeTarget;
			buildConfigurationList = 7287205A485F44798C6E0060 /* Build configuration list for PBXNativeTarget "ghbdtn" */;
			buildPhases = (
				7287205A485F44798C6E0021 /* Sources */,
				7287205A485F44798C6E0020 /* Frameworks */,
				7287205A485F44798C6E0022 /* Resources */,
			);
			buildRules = (
			);
			dependencies = (
			);
			name = ghbdtn;
			productName = ghbdtn;
			productReference = 7287205A485F44798C6E0010 /* ghbdtn.app */;
			productType = "com.apple.product-type.application";
		};
/* End PBXNativeTarget section */

/* Begin PBXProject section */
		7287205A485F44798C6E0050 /* Project object */ = {
			isa = PBXProject;
			attributes = {
				BuildIndependentTargetsInParallel = 1;
				LastSwiftUpdateCheck = 1500;
				LastUpgradeCheck = 1500;
				TargetAttributes = {
					7287205A485F44798C6E0040 = {
						CreatedOnToolsVersion = 15.0;
					};
				};
			};
			buildConfigurationList = 7287205A485F44798C6E0061 /* Build configuration list for PBXProject "ghbdtn" */;
			compatibilityVersion = "Xcode 14.0";
			developmentRegion = en;
			hasScannedForEncodings = 0;
			knownRegions = (
				en,
				ru,
				Base,
			);
			mainGroup = 7287205A485F44798C6E0032 /* root */;
			productRefGroup = 7287205A485F44798C6E0031 /* Products */;
			projectDirPath = "";
			projectRoot = "";
			targets = (
				7287205A485F44798C6E0040 /* ghbdtn */,
			);
		};
/* End PBXProject section */

/* Begin PBXResourcesBuildPhase section */
		7287205A485F44798C6E0022 /* Resources */ = {
			isa = PBXResourcesBuildPhase;
			buildActionMask = 2147483647;
			files = (
				7287205A485F44798C6E0003 /* Assets.xcassets in Resources */,
				7287205A485F44798C6E0005 /* menubar-icon.svg in Resources */,
				7287205A485F44798C6E0007 /* Localizable.strings in Resources */,
			);
			runOnlyForDeploymentPostprocessing = 0;
		};
/* End PBXResourcesBuildPhase section */

/* Begin PBXSourcesBuildPhase section */
		7287205A485F44798C6E0021 /* Sources */ = {
			isa = PBXSourcesBuildPhase;
			buildActionMask = 2147483647;
			files = (
				7287205A485F44798C6E0006 /* main.swift in Sources */,
				7287205A485F44798C6E0001 /* AppDelegate.swift in Sources */,
				7287205A485F44798C6E0002 /* SettingsWindowController.swift in Sources */,
				7287205A485F44798C6E0008 /* OnboardingWindowController.swift in Sources */,
			);
			runOnlyForDeploymentPostprocessing = 0;
		};
/* End PBXSourcesBuildPhase section */

/* Begin XCBuildConfiguration section */
		7287205A485F44798C6E0070 /* Debug */ = {
			isa = XCBuildConfiguration;
			buildSettings = {
				ALWAYS_SEARCH_USER_PATHS = NO;
				ASSETCATALOG_COMPILER_GENERATE_SWIFT_ASSET_SYMBOL_EXTENSIONS = YES;
				CLANG_ANALYZER_NONNULL = YES;
				CLANG_ANALYZER_NUMBER_OBJECT_CONVERSION = YES_AGGRESSIVE;
				CLANG_CXX_LANGUAGE_STANDARD = "gnu++20";
				CLANG_ENABLE_MODULES = YES;
				CLANG_ENABLE_OBJC_ARC = YES;
				CLANG_ENABLE_OBJC_WEAK = YES;
				CLANG_WARN_BLOCK_CAPTURE_AUTORELEASING = YES;
				CLANG_WARN_BOOL_CONVERSION = YES;
				CLANG_WARN_COMMA = YES;
				CLANG_WARN_CONSTANT_CONVERSION = YES;
				CLANG_WARN_DEPRECATED_OBJC_IMPLEMENTATIONS = YES;
				CLANG_WARN_DIRECT_OBJC_ISA_USAGE = YES_ERROR;
				CLANG_WARN_DOCUMENTATION_COMMENTS = YES;
				CLANG_WARN_EMPTY_BODY = YES;
				CLANG_WARN_ENUM_CONVERSION = YES;
				CLANG_WARN_INFINITE_RECURSION = YES;
				CLANG_WARN_INT_CONVERSION = YES;
				CLANG_WARN_NON_LITERAL_NULL_CONVERSION = YES;
				CLANG_WARN_OBJC_IMPLICIT_RETAIN_CYCLES = YES;
				CLANG_WARN_OBJC_LITERAL_CONVERSION = YES;
				CLANG_WARN_OBJC_ROOT_CLASS = YES_ERROR;
				CLANG_WARN_QUOTED_INCLUDE_IN_FRAMEWORK_HEADER = YES;
				CLANG_WARN_RANGE_LOOP_ANALYSIS = YES;
				CLANG_WARN_STRICT_PROTOTYPES = YES;
				CLANG_WARN_SUSPICIOUS_MOVE = YES;
				CLANG_WARN_UNGUARDED_AVAILABILITY = YES_AGGRESSIVE;
				CLANG_WARN_UNREACHABLE_CODE = YES;
				CLANG_WARN__DUPLICATE_METHOD_EXCEPTION = YES;
				COPY_PHASE_STRIP = NO;
				DEBUG_INFORMATION_FORMAT = dwarf;
				ENABLE_STRICT_OBJC_MSGSEND = YES;
				ENABLE_TESTABILITY = YES;
				ENABLE_USER_SCRIPT_SANDBOXING = YES;
				GCC_C_LANGUAGE_STANDARD = gnu17;
				GCC_DYNAMIC_NO_PIC = NO;
				GCC_NO_COMMON_BLOCKS = YES;
				GCC_OPTIMIZATION_LEVEL = 0;
				GCC_PREPROCESSOR_DEFINITIONS = (
					"DEBUG=1",
					"$(inherited)",
				);
				GCC_WARN_64_TO_32_BIT_CONVERSION = YES;
				GCC_WARN_ABOUT_RETURN_TYPE = YES_ERROR;
				GCC_WARN_UNDECLARED_SELECTOR = YES;
				GCC_WARN_UNINITIALIZED_AUTOS = YES_AGGRESSIVE;
				GCC_WARN_UNUSED_FUNCTION = YES;
				GCC_WARN_UNUSED_VARIABLE = YES;
				LOCALIZATION_PREFERS_STRING_CATALOGS = YES;
				MACOSX_DEPLOYMENT_TARGET = 13.0;
				MTL_ENABLE_DEBUG_INFO = INCLUDE_SOURCE;
				MTL_FAST_MATH = YES;
				ONLY_ACTIVE_ARCH = YES;
				SDKROOT = macosx;
				SWIFT_ACTIVE_COMPILATION_CONDITIONS = "DEBUG $(inherited)";
				SWIFT_OPTIMIZATION_LEVEL = "-Onone";
			};
			name = Debug;
		};
		7287205A485F44798C6E0071 /* Release */ = {
			isa = XCBuildConfiguration;
			buildSettings = {
				ALWAYS_SEARCH_USER_PATHS = NO;
				ASSETCATALOG_COMPILER_GENERATE_SWIFT_ASSET_SYMBOL_EXTENSIONS = YES;
				CLANG_ANALYZER_NONNULL = YES;
				CLANG_ANALYZER_NUMBER_OBJECT_CONVERSION = YES_AGGRESSIVE;
				CLANG_CXX_LANGUAGE_STANDARD = "gnu++20";
				CLANG_ENABLE_MODULES = YES;
				CLANG_ENABLE_OBJC_ARC = YES;
				CLANG_ENABLE_OBJC_WEAK = YES;
				CLANG_WARN_BLOCK_CAPTURE_AUTORELEASING = YES;
				CLANG_WARN_BOOL_CONVERSION = YES;
				CLANG_WARN_COMMA = YES;
				CLANG_WARN_CONSTANT_CONVERSION = YES;
				CLANG_WARN_DEPRECATED_OBJC_IMPLEMENTATIONS = YES;
				CLANG_WARN_DIRECT_OBJC_ISA_USAGE = YES_ERROR;
				CLANG_WARN_DOCUMENTATION_COMMENTS = YES;
				CLANG_WARN_EMPTY_BODY = YES;
				CLANG_WARN_ENUM_CONVERSION = YES;
				CLANG_WARN_INFINITE_RECURSION = YES;
				CLANG_WARN_INT_CONVERSION = YES;
				CLANG_WARN_NON_LITERAL_NULL_CONVERSION = YES;
				CLANG_WARN_OBJC_IMPLICIT_RETAIN_CYCLES = YES;
				CLANG_WARN_OBJC_LITERAL_CONVERSION = YES;
				CLANG_WARN_OBJC_ROOT_CLASS = YES_ERROR;
				CLANG_WARN_QUOTED_INCLUDE_IN_FRAMEWORK_HEADER = YES;
				CLANG_WARN_RANGE_LOOP_ANALYSIS = YES;
				CLANG_WARN_STRICT_PROTOTYPES = YES;
				CLANG_WARN_SUSPICIOUS_MOVE = YES;
				CLANG_WARN_UNGUARDED_AVAILABILITY = YES_AGGRESSIVE;
				CLANG_WARN_UNREACHABLE_CODE = YES;
				CLANG_WARN__DUPLICATE_METHOD_EXCEPTION = YES;
				COPY_PHASE_STRIP = NO;
				DEBUG_INFORMATION_FORMAT = "dwarf-with-dsym";
				ENABLE_NS_ASSERTIONS = NO;
				ENABLE_STRICT_OBJC_MSGSEND = YES;
				ENABLE_USER_SCRIPT_SANDBOXING = YES;
				GCC_C_LANGUAGE_STANDARD = gnu17;
				GCC_NO_COMMON_BLOCKS = YES;
				GCC_WARN_64_TO_32_BIT_CONVERSION = YES;
				GCC_WARN_ABOUT_RETURN_TYPE = YES_ERROR;
				GCC_WARN_UNDECLARED_SELECTOR = YES;
				GCC_WARN_UNINITIALIZED_AUTOS = YES_AGGRESSIVE;
				GCC_WARN_UNUSED_FUNCTION = YES;
				GCC_WARN_UNUSED_VARIABLE = YES;
				LOCALIZATION_PREFERS_STRING_CATALOGS = YES;
				MACOSX_DEPLOYMENT_TARGET = 13.0;
				MTL_FAST_MATH = YES;
				SDKROOT = macosx;
				SWIFT_COMPILATION_MODE = wholemodule;
			};
			name = Release;
		};
		7287205A485F44798C6E0072 /* Debug Target */ = {
			isa = XCBuildConfiguration;
			buildSettings = {
				ASSETCATALOG_COMPILER_APPICON_NAME = AppIcon;
				ASSETCATALOG_COMPILER_GLOBAL_ACCENT_COLOR_NAME = AccentColor;
				CODE_SIGN_ENTITLEMENTS = ghbdtn/ghbdtn.entitlements;
				CODE_SIGN_STYLE = Automatic;
				COMBINE_HIDPI_IMAGES = YES;
				CURRENT_PROJECT_VERSION = 1;
				GENERATE_INFOPLIST_FILE = NO;
				INFOPLIST_FILE = ghbdtn/Info.plist;
				MACOSX_DEPLOYMENT_TARGET = 13.0;
				MARKETING_VERSION = 1.0;
				PRODUCT_BUNDLE_IDENTIFIER = im.alef.ghbdtn;
				PRODUCT_NAME = "$(TARGET_NAME)";
				SWIFT_EMIT_LOC_STRINGS = YES;
				SWIFT_VERSION = 5.0;
			};
			name = Debug;
		};
		7287205A485F44798C6E0073 /* Release Target */ = {
			isa = XCBuildConfiguration;
			buildSettings = {
				ASSETCATALOG_COMPILER_APPICON_NAME = AppIcon;
				ASSETCATALOG_COMPILER_GLOBAL_ACCENT_COLOR_NAME = AccentColor;
				CODE_SIGN_ENTITLEMENTS = ghbdtn/ghbdtn.entitlements;
				CODE_SIGN_STYLE = Automatic;
				COMBINE_HIDPI_IMAGES = YES;
				CURRENT_PROJECT_VERSION = 1;
				GENERATE_INFOPLIST_FILE = NO;
				INFOPLIST_FILE = ghbdtn/Info.plist;
				MACOSX_DEPLOYMENT_TARGET = 13.0;
				MARKETING_VERSION = 1.0;
				PRODUCT_BUNDLE_IDENTIFIER = im.alef.ghbdtn;
				PRODUCT_NAME = "$(TARGET_NAME)";
				SWIFT_EMIT_LOC_STRINGS = YES;
				SWIFT_VERSION = 5.0;
			};
			name = Release;
		};
/* End XCBuildConfiguration section */

/* Begin XCConfigurationList section */
		7287205A485F44798C6E0060 /* Build configuration list for PBXNativeTarget "ghbdtn" */ = {
			isa = XCConfigurationList;
			buildConfigurations = (
				7287205A485F44798C6E0072 /* Debug */,
				7287205A485F44798C6E0073 /* Release */,
			);
			defaultConfigurationIsVisible = 0;
			defaultConfigurationName = Release;
		};
		7287205A485F44798C6E0061 /* Build configuration list for PBXProject "ghbdtn" */ = {
			isa = XCConfigurationList;
			buildConfigurations = (
				7287205A485F44798C6E0070 /* Debug */,
				7287205A485F44798C6E0071 /* Release */,
			);
			defaultConfigurationIsVisible = 0;
			defaultConfigurationName = Release;
		};
/* End XCConfigurationList section */

	};
	rootObject = 7287205A485F44798C6E0050 /* Project object */;
}
